
Microsoft Visual Studio Solution File, Format Version 11.00
# Visual C++ Express 2010
Project("{8BC9CEB8-8B4A-11D0-8D11-00A0C91BC942}") = "VerityController", "VerityController\VerityController.vcxproj", "{8D995C41-9584-4895-9D7E-4208B0CDD722}"
EndProject
Project("{8BC9CEB8-8B4A-11D0-8D11-00A0C91BC942}") = "VerityControllerRunner", "VerityControllerRunner\VerityControllerRunner.vcxproj", "{8A5E3672-783E-4FC3-872E-6528857AF828}"
EndProject
Global
	GlobalSection(SolutionConfigurationPlatforms) = preSolution
		Debug|Win32 = Debug|Win32
		Release|Win32 = Release|Win32
	EndGlobalSection
	GlobalSection(ProjectConfigurationPlatforms) = postSolution
		{8D995C41-9584-4895-9D7E-4208B0CDD722}.Debug|Win32.ActiveCfg = Debug|Win32
		{8D995C41-9584-4895-9D7E-4208B0CDD722}.Debug|Win32.Build.0 = Debug|Win32
		{8D995C41-9584-4895-9D7E-4208B0CDD722}.Release|Win32.ActiveCfg = Release|Win32
		{8D995C41-9584-4895-9D7E-4208B0CDD722}.Release|Win32.Build.0 = Release|Win32
		{8A5E3672-783E-4FC3-872E-6528857AF828}.Debug|Win32.ActiveCfg = Debug|Win32
		{8A5E3672-783E-4FC3-872E-6528857AF828}.Debug|Win32.Build.0 = Debug|Win32
		{8A5E3672-783E-4FC3-872E-6528857AF828}.Release|Win32.ActiveCfg = Release|Win32
		{8A5E3672-783E-4FC3-872E-6528857AF828}.Release|Win32.Build.0 = Release|Win32
	EndGlobalSection
	GlobalSection(SolutionProperties) = preSolution
		HideSolutionNode = FALSE
	EndGlobalSection
EndGlobal
